
Microsoft Visual Studio Solution File, Format Version 12.00
# Visual Studio 15
VisualStudioVersion = 15.0.27703.2035
MinimumVisualStudioVersion = 10.0.40219.1
Project("{FAE04EC0-301F-11D3-BF4B-00C04F79EFBC}") = "react-template", "react-template\react-template.csproj", "{6470081D-1304-4572-AF81-24FD2A66B4BC}"
EndProject
Global
	GlobalSection(SolutionConfigurationPlatforms) = preSolution
		Debug|Any CPU = Debug|Any CPU
		Release|Any CPU = Release|Any CPU
	EndGlobalSection
	GlobalSection(ProjectConfigurationPlatforms) = postSolution
		{6470081D-1304-4572-AF81-24FD2A66B4BC}.Debug|Any CPU.ActiveCfg = Debug|Any CPU
		{6470081D-1304-4572-AF81-24FD2A66B4BC}.Debug|Any CPU.Build.0 = Debug|Any CPU
		{6470081D-1304-4572-AF81-24FD2A66B4BC}.Release|Any CPU.ActiveCfg = Release|Any CPU
		{6470081D-1304-4572-AF81-24FD2A66B4BC}.Release|Any CPU.Build.0 = Release|Any CPU
	EndGlobalSection
	GlobalSection(SolutionProperties) = preSolution
		HideSolutionNode = FALSE
	EndGlobalSection
	GlobalSection(ExtensibilityGlobals) = postSolution
		SolutionGuid = {9AC65C74-7C1C-4B02-A8AB-D799F22BDB11}
	EndGlobalSection
EndGlobal
